<Solution>
  <Configurations>
    <BuildType Name="Release" />
    <Platform Name="x64" />
  </Configurations>
  <Project Path="camera server\camera server.vcxproj" Id="243b6acd-69e4-40db-17d3-5dd67a26fd79" />
  <Project Path="camera\camera.vcxproj" Id="b1113271-ea18-5c02-ad48-4cb18912b063" />
  <Project Path="remote camera\remote camera.vcxproj" Id="92700661-23ab-177a-6e84-cb768fa398d5" />
</Solution>
